
Microsoft Visual Studio Solution File, Format Version 12.00
# Visual Studio 15
VisualStudioVersion = 15.0.26730.12
MinimumVisualStudioVersion = 10.0.40219.1
Project("{FAE04EC0-301F-11D3-BF4B-00C04F79EFBC}") = "PracticaCalculadora.Android", "PracticaCalculadora\PracticaCalculadora.Android\PracticaCalculadora.Android.csproj", "{FF0E0FA8-2CDC-42AB-8E0E-F5A5BB8ED0B7}"
EndProject
Project("{FAE04EC0-301F-11D3-BF4B-00C04F79EFBC}") = "PracticaCalculadora", "PracticaCalculadora\PracticaCalculadora\PracticaCalculadora.csproj", "{7A2C5F61-4E97-4E34-8123-00DEC838E5C6}"
EndProject
Project("{FAE04EC0-301F-11D3-BF4B-00C04F79EFBC}") = "PracticaCalculadora.UWP", "PracticaCalculadora\PracticaCalculadora.UWP\PracticaCalculadora.UWP.csproj", "{8B285171-249D-47E8-A35C-6815CCCEAB4F}"
EndProject
Project("{FAE04EC0-301F-11D3-BF4B-00C04F79EFBC}") = "PracticaCalculadora.iOS", "PracticaCalculadora\PracticaCalculadora.iOS\PracticaCalculadora.iOS.csproj", "{C897730A-E986-4BBD-8AB5-E624EA55C622}"
EndProject
Global
	GlobalSection(SolutionConfigurationPlatforms) = preSolution
		Ad-Hoc|Any CPU = Ad-Hoc|Any CPU
		Ad-Hoc|ARM = Ad-Hoc|ARM
		Ad-Hoc|iPhone = Ad-Hoc|iPhone
		Ad-Hoc|iPhoneSimulator = Ad-Hoc|iPhoneSimulator
		Ad-Hoc|x64 = Ad-Hoc|x64
		Ad-Hoc|x86 = Ad-Hoc|x86
		AppStore|Any CPU = AppStore|Any CPU
		AppStore|ARM = AppStore|ARM
		AppStore|iPhone = AppStore|iPhone
		AppStore|iPhoneSimulator = AppStore|iPhoneSimulator
		AppStore|x64 = AppStore|x64
		AppStore|x86 = AppStore|x86
		Debug|Any CPU = Debug|Any CPU
		Debug|ARM = Debug|ARM
		Debug|iPhone = Debug|iPhone
		Debug|iPhoneSimulator = Debug|iPhoneSimulator
		Debug|x64 = Debug|x64
		Debug|x86 = Debug|x86
		Release|Any CPU = Release|Any CPU
		Release|ARM = Release|ARM
		Release|iPhone = Release|iPhone
		Release|iPhoneSimulator = Release|iPhoneSimulator
		Release|x64 = Release|x64
		Release|x86 = Release|x86
	EndGlobalSection
	GlobalSection(ProjectConfigurationPlatforms) = postSolution
		{FF0E0FA8-2CDC-42AB-8E0E-F5A5BB8ED0B7}.Ad-Hoc|Any CPU.ActiveCfg = Release|Any CPU
		{FF0E0FA8-2CDC-42AB-8E0E-F5A5BB8ED0B7}.Ad-Hoc|Any CPU.Build.0 = Release|Any CPU
		{FF0E0FA8-2CDC-42AB-8E0E-F5A5BB8ED0B7}.Ad-Hoc|Any CPU.Deploy.0 = Release|Any CPU
		{FF0E0FA8-2CDC-42AB-8E0E-F5A5BB8ED0B7}.Ad-Hoc|ARM.ActiveCfg = Release|Any CPU
		{FF0E0FA8-2CDC-42AB-8E0E-F5A5BB8ED0B7}.Ad-Hoc|ARM.Build.0 = Release|Any CPU
		{FF0E0FA8-2CDC-42AB-8E0E-F5A5BB8ED0B7}.Ad-Hoc|ARM.Deploy.0 = Release|Any CPU
		{FF0E0FA8-2CDC-42AB-8E0E-F5A5BB8ED0B7}.Ad-Hoc|iPhone.ActiveCfg = Release|Any CPU
		{FF0E0FA8-2CDC-42AB-8E0E-F5A5BB8ED0B7}.Ad-Hoc|iPhone.Build.0 = Release|Any CPU
		{FF0E0FA8-2CDC-42AB-8E0E-F5A5BB8ED0B7}.Ad-Hoc|iPhone.Deploy.0 = Release|Any CPU
		{FF0E0FA8-2CDC-42AB-8E0E-F5A5BB8ED0B7}.Ad-Hoc|iPhoneSimulator.ActiveCfg = Release|Any CPU
		{FF0E0FA8-2CDC-42AB-8E0E-F5A5BB8ED0B7}.Ad-Hoc|iPhoneSimulator.Build.0 = Release|Any CPU
		{FF0E0FA8-2CDC-42AB-8E0E-F5A5BB8ED0B7}.Ad-Hoc|iPhoneSimulator.Deploy.0 = Release|Any CPU
		{FF0E0FA8-2CDC-42AB-8E0E-F5A5BB8ED0B7}.Ad-Hoc|x64.ActiveCfg = Release|Any CPU
		{FF0E0FA8-2CDC-42AB-8E0E-F5A5BB8ED0B7}.Ad-Hoc|x64.Build.0 = Release|Any CPU
		{FF0E0FA8-2CDC-42AB-8E0E-F5A5BB8ED0B7}.Ad-Hoc|x64.Deploy.0 = Release|Any CPU
		{FF0E0FA8-2CDC-42AB-8E0E-F5A5BB8ED0B7}.Ad-Hoc|x86.ActiveCfg = Release|Any CPU
		{FF0E0FA8-2CDC-42AB-8E0E-F5A5BB8ED0B7}.Ad-Hoc|x86.Build.0 = Release|Any CPU
		{FF0E0FA8-2CDC-42AB-8E0E-F5A5BB8ED0B7}.Ad-Hoc|x86.Deploy.0 = Release|Any CPU
		{FF0E0FA8-2CDC-42AB-8E0E-F5A5BB8ED0B7}.AppStore|Any CPU.ActiveCfg = Release|Any CPU
		{FF0E0FA8-2CDC-42AB-8E0E-F5A5BB8ED0B7}.AppStore|Any CPU.Build.0 = Release|Any CPU
		{FF0E0FA8-2CDC-42AB-8E0E-F5A5BB8ED0B7}.AppStore|Any CPU.Deploy.0 = Release|Any CPU
		{FF0E0FA8-2CDC-42AB-8E0E-F5A5BB8ED0B7}.AppStore|ARM.ActiveCfg = Release|Any CPU
		{FF0E0FA8-2CDC-42AB-8E0E-F5A5BB8ED0B7}.AppStore|ARM.Build.0 = Release|Any CPU
		{FF0E0FA8-2CDC-42AB-8E0E-F5A5BB8ED0B7}.AppStore|ARM.Deploy.0 = Release|Any CPU
		{FF0E0FA8-2CDC-42AB-8E0E-F5A5BB8ED0B7}.AppStore|iPhone.ActiveCfg = Release|Any CPU
		{FF0E0FA8-2CDC-42AB-8E0E-F5A5BB8ED0B7}.AppStore|iPhone.Build.0 = Release|Any CPU
		{FF0E0FA8-2CDC-42AB-8E0E-F5A5BB8ED0B7}.AppStore|iPhone.Deploy.0 = Release|Any CPU
		{FF0E0FA8-2CDC-42AB-8E0E-F5A5BB8ED0B7}.AppStore|iPhoneSimulator.ActiveCfg = Release|Any CPU
		{FF0E0FA8-2CDC-42AB-8E0E-F5A5BB8ED0B7}.AppStore|iPhoneSimulator.Build.0 = Release|Any CPU
		{FF0E0FA8-2CDC-42AB-8E0E-F5A5BB8ED0B7}.AppStore|iPhoneSimulator.Deploy.0 = Release|Any CPU
		{FF0E0FA8-2CDC-42AB-8E0E-F5A5BB8ED0B7}.AppStore|x64.ActiveCfg = Release|Any CPU
		{FF0E0FA8-2CDC-42AB-8E0E-F5A5BB8ED0B7}.AppStore|x64.Build.0 = Release|Any CPU
		{FF0E0FA8-2CDC-42AB-8E0E-F5A5BB8ED0B7}.AppStore|x64.Deploy.0 = Release|Any CPU
		{FF0E0FA8-2CDC-42AB-8E0E-F5A5BB8ED0B7}.AppStore|x86.ActiveCfg = Release|Any CPU
		{FF0E0FA8-2CDC-42AB-8E0E-F5A5BB8ED0B7}.AppStore|x86.Build.0 = Release|Any CPU
		{FF0E0FA8-2CDC-42AB-8E0E-F5A5BB8ED0B7}.AppStore|x86.Deploy.0 = Release|Any CPU
		{FF0E0FA8-2CDC-42AB-8E0E-F5A5BB8ED0B7}.Debug|Any CPU.ActiveCfg = Debug|Any CPU
		{FF0E0FA8-2CDC-42AB-8E0E-F5A5BB8ED0B7}.Debug|Any CPU.Build.0 = Debug|Any CPU
		{FF0E0FA8-2CDC-42AB-8E0E-F5A5BB8ED0B7}.Debug|Any CPU.Deploy.0 = Debug|Any CPU
		{FF0E0FA8-2CDC-42AB-8E0E-F5A5BB8ED0B7}.Debug|ARM.ActiveCfg = Debug|Any CPU
		{FF0E0FA8-2CDC-42AB-8E0E-F5A5BB8ED0B7}.Debug|ARM.Build.0 = Debug|Any CPU
		{FF0E0FA8-2CDC-42AB-8E0E-F5A5BB8ED0B7}.Debug|ARM.Deploy.0 = Debug|Any CPU
		{FF0E0FA8-2CDC-42AB-8E0E-F5A5BB8ED0B7}.Debug|iPhone.ActiveCfg = Debug|Any CPU
		{FF0E0FA8-2CDC-42AB-8E0E-F5A5BB8ED0B7}.Debug|iPhone.Build.0 = Debug|Any CPU
		{FF0E0FA8-2CDC-42AB-8E0E-F5A5BB8ED0B7}.Debug|iPhone.Deploy.0 = Debug|Any CPU
		{FF0E0FA8-2CDC-42AB-8E0E-F5A5BB8ED0B7}.Debug|iPhoneSimulator.ActiveCfg = Debug|Any CPU
		{FF0E0FA8-2CDC-42AB-8E0E-F5A5BB8ED0B7}.Debug|iPhoneSimulator.Build.0 = Debug|Any CPU
		{FF0E0FA8-2CDC-42AB-8E0E-F5A5BB8ED0B7}.Debug|iPhoneSimulator.Deploy.0 = Debug|Any CPU
		{FF0E0FA8-2CDC-42AB-8E0E-F5A5BB8ED0B7}.Debug|x64.ActiveCfg = Debug|Any CPU
		{FF0E0FA8-2CDC-42AB-8E0E-F5A5BB8ED0B7}.Debug|x64.Build.0 = Debug|Any CPU
		{FF0E0FA8-2CDC-42AB-8E0E-F5A5BB8ED0B7}.Debug|x64.Deploy.0 = Debug|Any CPU
		{FF0E0FA8-2CDC-42AB-8E0E-F5A5BB8ED0B7}.Debug|x86.ActiveCfg = Debug|Any CPU
		{FF0E0FA8-2CDC-42AB-8E0E-F5A5BB8ED0B7}.Debug|x86.Build.0 = Debug|Any CPU
		{FF0E0FA8-2CDC-42AB-8E0E-F5A5BB8ED0B7}.Debug|x86.Deploy.0 = Debug|Any CPU
		{FF0E0FA8-2CDC-42AB-8E0E-F5A5BB8ED0B7}.Release|Any CPU.ActiveCfg = Release|Any CPU
		{FF0E0FA8-2CDC-42AB-8E0E-F5A5BB8ED0B7}.Release|Any CPU.Build.0 = Release|Any CPU
		{FF0E0FA8-2CDC-42AB-8E0E-F5A5BB8ED0B7}.Release|Any CPU.Deploy.0 = Release|Any CPU
		{FF0E0FA8-2CDC-42AB-8E0E-F5A5BB8ED0B7}.Release|ARM.ActiveCfg = Release|Any CPU
		{FF0E0FA8-2CDC-42AB-8E0E-F5A5BB8ED0B7}.Release|ARM.Build.0 = Release|Any CPU
		{FF0E0FA8-2CDC-42AB-8E0E-F5A5BB8ED0B7}.Release|ARM.Deploy.0 = Release|Any CPU
		{FF0E0FA8-2CDC-42AB-8E0E-F5A5BB8ED0B7}.Release|iPhone.ActiveCfg = Release|Any CPU
		{FF0E0FA8-2CDC-42AB-8E0E-F5A5BB8ED0B7}.Release|iPhone.Build.0 = Release|Any CPU
		{FF0E0FA8-2CDC-42AB-8E0E-F5A5BB8ED0B7}.Release|iPhone.Deploy.0 = Release|Any CPU
		{FF0E0FA8-2CDC-42AB-8E0E-F5A5BB8ED0B7}.Release|iPhoneSimulator.ActiveCfg = Release|Any CPU
		{FF0E0FA8-2CDC-42AB-8E0E-F5A5BB8ED0B7}.Release|iPhoneSimulator.Build.0 = Release|Any CPU
		{FF0E0FA8-2CDC-42AB-8E0E-F5A5BB8ED0B7}.Release|iPhoneSimulator.Deploy.0 = Release|Any CPU
		{FF0E0FA8-2CDC-42AB-8E0E-F5A5BB8ED0B7}.Release|x64.ActiveCfg = Release|Any CPU
		{FF0E0FA8-2CDC-42AB-8E0E-F5A5BB8ED0B7}.Release|x64.Build.0 = Release|Any CPU
		{FF0E0FA8-2CDC-42AB-8E0E-F5A5BB8ED0B7}.Release|x64.Deploy.0 = Release|Any CPU
		{FF0E0FA8-2CDC-42AB-8E0E-F5A5BB8ED0B7}.Release|x86.ActiveCfg = Release|Any CPU
		{FF0E0FA8-2CDC-42AB-8E0E-F5A5BB8ED0B7}.Release|x86.Build.0 = Release|Any CPU
		{FF0E0FA8-2CDC-42AB-8E0E-F5A5BB8ED0B7}.Release|x86.Deploy.0 = Release|Any CPU
		{7A2C5F61-4E97-4E34-8123-00DEC838E5C6}.Ad-Hoc|Any CPU.ActiveCfg = Release|Any CPU
		{7A2C5F61-4E97-4E34-8123-00DEC838E5C6}.Ad-Hoc|Any CPU.Build.0 = Release|Any CPU
		{7A2C5F61-4E97-4E34-8123-00DEC838E5C6}.Ad-Hoc|ARM.ActiveCfg = Release|Any CPU
		{7A2C5F61-4E97-4E34-8123-00DEC838E5C6}.Ad-Hoc|ARM.Build.0 = Release|Any CPU
		{7A2C5F61-4E97-4E34-8123-00DEC838E5C6}.Ad-Hoc|iPhone.ActiveCfg = Release|Any CPU
		{7A2C5F61-4E97-4E34-8123-00DEC838E5C6}.Ad-Hoc|iPhone.Build.0 = Release|Any CPU
		{7A2C5F61-4E97-4E34-8123-00DEC838E5C6}.Ad-Hoc|iPhoneSimulator.ActiveCfg = Release|Any CPU
		{7A2C5F61-4E97-4E34-8123-00DEC838E5C6}.Ad-Hoc|iPhoneSimulator.Build.0 = Release|Any CPU
		{7A2C5F61-4E97-4E34-8123-00DEC838E5C6}.Ad-Hoc|x64.ActiveCfg = Release|Any CPU
		{7A2C5F61-4E97-4E34-8123-00DEC838E5C6}.Ad-Hoc|x64.Build.0 = Release|Any CPU
		{7A2C5F61-4E97-4E34-8123-00DEC838E5C6}.Ad-Hoc|x86.ActiveCfg = Release|Any CPU
		{7A2C5F61-4E97-4E34-8123-00DEC838E5C6}.Ad-Hoc|x86.Build.0 = Release|Any CPU
		{7A2C5F61-4E97-4E34-8123-00DEC838E5C6}.AppStore|Any CPU.ActiveCfg = Release|Any CPU
		{7A2C5F61-4E97-4E34-8123-00DEC838E5C6}.AppStore|Any CPU.Build.0 = Release|Any CPU
		{7A2C5F61-4E97-4E34-8123-00DEC838E5C6}.AppStore|ARM.ActiveCfg = Release|Any CPU
		{7A2C5F61-4E97-4E34-8123-00DEC838E5C6}.AppStore|ARM.Build.0 = Release|Any CPU
		{7A2C5F61-4E97-4E34-8123-00DEC838E5C6}.AppStore|iPhone.ActiveCfg = Release|Any CPU
		{7A2C5F61-4E97-4E34-8123-00DEC838E5C6}.AppStore|iPhone.Build.0 = Release|Any CPU
		{7A2C5F61-4E97-4E34-8123-00DEC838E5C6}.AppStore|iPhoneSimulator.ActiveCfg = Release|Any CPU
		{7A2C5F61-4E97-4E34-8123-00DEC838E5C6}.AppStore|iPhoneSimulator.Build.0 = Release|Any CPU
		{7A2C5F61-4E97-4E34-8123-00DEC838E5C6}.AppStore|x64.ActiveCfg = Release|Any CPU
		{7A2C5F61-4E97-4E34-8123-00DEC838E5C6}.AppStore|x64.Build.0 = Release|Any CPU
		{7A2C5F61-4E97-4E34-8123-00DEC838E5C6}.AppStore|x86.ActiveCfg = Release|Any CPU
		{7A2C5F61-4E97-4E34-8123-00DEC838E5C6}.AppStore|x86.Build.0 = Release|Any CPU
		{7A2C5F61-4E97-4E34-8123-00DEC838E5C6}.Debug|Any CPU.ActiveCfg = Debug|Any CPU
		{7A2C5F61-4E97-4E34-8123-00DEC838E5C6}.Debug|Any CPU.Build.0 = Debug|Any CPU
		{7A2C5F61-4E97-4E34-8123-00DEC838E5C6}.Debug|ARM.ActiveCfg = Debug|Any CPU
		{7A2C5F61-4E97-4E34-8123-00DEC838E5C6}.Debug|ARM.Build.0 = Debug|Any CPU
		{7A2C5F61-4E97-4E34-8123-00DEC838E5C6}.Debug|iPhone.ActiveCfg = Debug|Any CPU
		{7A2C5F61-4E97-4E34-8123-00DEC838E5C6}.Debug|iPhone.Build.0 = Debug|Any CPU
		{7A2C5F61-4E97-4E34-8123-00DEC838E5C6}.Debug|iPhoneSimulator.ActiveCfg = Debug|Any CPU
		{7A2C5F61-4E97-4E34-8123-00DEC838E5C6}.Debug|iPhoneSimulator.Build.0 = Debug|Any CPU
		{7A2C5F61-4E97-4E34-8123-00DEC838E5C6}.Debug|x64.ActiveCfg = Debug|Any CPU
		{7A2C5F61-4E97-4E34-8123-00DEC838E5C6}.Debug|x64.Build.0 = Debug|Any CPU
		{7A2C5F61-4E97-4E34-8123-00DEC838E5C6}.Debug|x86.ActiveCfg = Debug|Any CPU
		{7A2C5F61-4E97-4E34-8123-00DEC838E5C6}.Debug|x86.Build.0 = Debug|Any CPU
		{7A2C5F61-4E97-4E34-8123-00DEC838E5C6}.Release|Any CPU.ActiveCfg = Release|Any CPU
		{7A2C5F61-4E97-4E34-8123-00DEC838E5C6}.Release|Any CPU.Build.0 = Release|Any CPU
		{7A2C5F61-4E97-4E34-8123-00DEC838E5C6}.Release|ARM.ActiveCfg = Release|Any CPU
		{7A2C5F61-4E97-4E34-8123-00DEC838E5C6}.Release|ARM.Build.0 = Release|Any CPU
		{7A2C5F61-4E97-4E34-8123-00DEC838E5C6}.Release|iPhone.ActiveCfg = Release|Any CPU
		{7A2C5F61-4E97-4E34-8123-00DEC838E5C6}.Release|iPhone.Build.0 = Release|Any CPU
		{7A2C5F61-4E97-4E34-8123-00DEC838E5C6}.Release|iPhoneSimulator.ActiveCfg = Release|Any CPU
		{7A2C5F61-4E97-4E34-8123-00DEC838E5C6}.Release|iPhoneSimulator.Build.0 = Release|Any CPU
		{7A2C5F61-4E97-4E34-8123-00DEC838E5C6}.Release|x64.ActiveCfg = Release|Any CPU
		{7A2C5F61-4E97-4E34-8123-00DEC838E5C6}.Release|x64.Build.0 = Release|Any CPU
		{7A2C5F61-4E97-4E34-8123-00DEC838E5C6}.Release|x86.ActiveCfg = Release|Any CPU
		{7A2C5F61-4E97-4E34-8123-00DEC838E5C6}.Release|x86.Build.0 = Release|Any CPU
		{8B285171-249D-47E8-A35C-6815CCCEAB4F}.Ad-Hoc|Any CPU.ActiveCfg = Release|x86
		{8B285171-249D-47E8-A35C-6815CCCEAB4F}.Ad-Hoc|Any CPU.Build.0 = Release|x86
		{8B285171-249D-47E8-A35C-6815CCCEAB4F}.Ad-Hoc|Any CPU.Deploy.0 = Release|x86
		{8B285171-249D-47E8-A35C-6815CCCEAB4F}.Ad-Hoc|ARM.ActiveCfg = Release|ARM
		{8B285171-249D-47E8-A35C-6815CCCEAB4F}.Ad-Hoc|ARM.Build.0 = Release|ARM
		{8B285171-249D-47E8-A35C-6815CCCEAB4F}.Ad-Hoc|ARM.Deploy.0 = Release|ARM
		{8B285171-249D-47E8-A35C-6815CCCEAB4F}.Ad-Hoc|iPhone.ActiveCfg = Release|x86
		{8B285171-249D-47E8-A35C-6815CCCEAB4F}.Ad-Hoc|iPhone.Build.0 = Release|x86
		{8B285171-249D-47E8-A35C-6815CCCEAB4F}.Ad-Hoc|iPhone.Deploy.0 = Release|x86
		{8B285171-249D-47E8-A35C-6815CCCEAB4F}.Ad-Hoc|iPhoneSimulator.ActiveCfg = Release|x86
		{8B285171-249D-47E8-A35C-6815CCCEAB4F}.Ad-Hoc|iPhoneSimulator.Build.0 = Release|x86
		{8B285171-249D-47E8-A35C-6815CCCEAB4F}.Ad-Hoc|iPhoneSimulator.Deploy.0 = Release|x86
		{8B285171-249D-47E8-A35C-6815CCCEAB4F}.Ad-Hoc|x64.ActiveCfg = Release|x64
		{8B285171-249D-47E8-A35C-6815CCCEAB4F}.Ad-Hoc|x64.Build.0 = Release|x64
		{8B285171-249D-47E8-A35C-6815CCCEAB4F}.Ad-Hoc|x64.Deploy.0 = Release|x64
		{8B285171-249D-47E8-A35C-6815CCCEAB4F}.Ad-Hoc|x86.ActiveCfg = Release|x86
		{8B285171-249D-47E8-A35C-6815CCCEAB4F}.Ad-Hoc|x86.Build.0 = Release|x86
		{8B285171-249D-47E8-A35C-6815CCCEAB4F}.Ad-Hoc|x86.Deploy.0 = Release|x86
		{8B285171-249D-47E8-A35C-6815CCCEAB4F}.AppStore|Any CPU.ActiveCfg = Release|x86
		{8B285171-249D-47E8-A35C-6815CCCEAB4F}.AppStore|Any CPU.Build.0 = Release|x86
		{8B285171-249D-47E8-A35C-6815CCCEAB4F}.AppStore|Any CPU.Deploy.0 = Release|x86
		{8B285171-249D-47E8-A35C-6815CCCEAB4F}.AppStore|ARM.ActiveCfg = Release|ARM
		{8B285171-249D-47E8-A35C-6815CCCEAB4F}.AppStore|ARM.Build.0 = Release|ARM
		{8B285171-249D-47E8-A35C-6815CCCEAB4F}.AppStore|ARM.Deploy.0 = Release|ARM
		{8B285171-249D-47E8-A35C-6815CCCEAB4F}.AppStore|iPhone.ActiveCfg = Release|x86
		{8B285171-249D-47E8-A35C-6815CCCEAB4F}.AppStore|iPhone.Build.0 = Release|x86
		{8B285171-249D-47E8-A35C-6815CCCEAB4F}.AppStore|iPhone.Deploy.0 = Release|x86
		{8B285171-249D-47E8-A35C-6815CCCEAB4F}.AppStore|iPhoneSimulator.ActiveCfg = Release|x86
		{8B285171-249D-47E8-A35C-6815CCCEAB4F}.AppStore|iPhoneSimulator.Build.0 = Release|x86
		{8B285171-249D-47E8-A35C-6815CCCEAB4F}.AppStore|iPhoneSimulator.Deploy.0 = Release|x86
		{8B285171-249D-47E8-A35C-6815CCCEAB4F}.AppStore|x64.ActiveCfg = Release|x64
		{8B285171-249D-47E8-A35C-6815CCCEAB4F}.AppStore|x64.Build.0 = Release|x64
		{8B285171-249D-47E8-A35C-6815CCCEAB4F}.AppStore|x64.Deploy.0 = Release|x64
		{8B285171-249D-47E8-A35C-6815CCCEAB4F}.AppStore|x86.ActiveCfg = Release|x86
		{8B285171-249D-47E8-A35C-6815CCCEAB4F}.AppStore|x86.Build.0 = Release|x86
		{8B285171-249D-47E8-A35C-6815CCCEAB4F}.AppStore|x86.Deploy.0 = Release|x86
		{8B285171-249D-47E8-A35C-6815CCCEAB4F}.Debug|Any CPU.ActiveCfg = Debug|x86
		{8B285171-249D-47E8-A35C-6815CCCEAB4F}.Debug|Any CPU.Build.0 = Debug|x86
		{8B285171-249D-47E8-A35C-6815CCCEAB4F}.Debug|Any CPU.Deploy.0 = Debug|x86
		{8B285171-249D-47E8-A35C-6815CCCEAB4F}.Debug|ARM.ActiveCfg = Debug|ARM
		{8B285171-249D-47E8-A35C-6815CCCEAB4F}.Debug|ARM.Build.0 = Debug|ARM
		{8B285171-249D-47E8-A35C-6815CCCEAB4F}.Debug|ARM.Deploy.0 = Debug|ARM
		{8B285171-249D-47E8-A35C-6815CCCEAB4F}.Debug|iPhone.ActiveCfg = Debug|x86
		{8B285171-249D-47E8-A35C-6815CCCEAB4F}.Debug|iPhoneSimulator.ActiveCfg = Debug|x86
		{8B285171-249D-47E8-A35C-6815CCCEAB4F}.Debug|x64.ActiveCfg = Debug|x64
		{8B285171-249D-47E8-A35C-6815CCCEAB4F}.Debug|x64.Build.0 = Debug|x64
		{8B285171-249D-47E8-A35C-6815CCCEAB4F}.Debug|x64.Deploy.0 = Debug|x64
		{8B285171-249D-47E8-A35C-6815CCCEAB4F}.Debug|x86.ActiveCfg = Debug|x86
		{8B285171-249D-47E8-A35C-6815CCCEAB4F}.Debug|x86.Build.0 = Debug|x86
		{8B285171-249D-47E8-A35C-6815CCCEAB4F}.Debug|x86.Deploy.0 = Debug|x86
		{8B285171-249D-47E8-A35C-6815CCCEAB4F}.Release|Any CPU.ActiveCfg = Release|x86
		{8B285171-249D-47E8-A35C-6815CCCEAB4F}.Release|ARM.ActiveCfg = Release|ARM
		{8B285171-249D-47E8-A35C-6815CCCEAB4F}.Release|ARM.Build.0 = Release|ARM
		{8B285171-249D-47E8-A35C-6815CCCEAB4F}.Release|ARM.Deploy.0 = Release|ARM
		{8B285171-249D-47E8-A35C-6815CCCEAB4F}.Release|iPhone.ActiveCfg = Release|x86
		{8B285171-249D-47E8-A35C-6815CCCEAB4F}.Release|iPhoneSimulator.ActiveCfg = Release|x86
		{8B285171-249D-47E8-A35C-6815CCCEAB4F}.Release|x64.ActiveCfg = Release|x64
		{8B285171-249D-47E8-A35C-6815CCCEAB4F}.Release|x64.Build.0 = Release|x64
		{8B285171-249D-47E8-A35C-6815CCCEAB4F}.Release|x64.Deploy.0 = Release|x64
		{8B285171-249D-47E8-A35C-6815CCCEAB4F}.Release|x86.ActiveCfg = Release|x86
		{8B285171-249D-47E8-A35C-6815CCCEAB4F}.Release|x86.Build.0 = Release|x86
		{8B285171-249D-47E8-A35C-6815CCCEAB4F}.Release|x86.Deploy.0 = Release|x86
		{C897730A-E986-4BBD-8AB5-E624EA55C622}.Ad-Hoc|Any CPU.ActiveCfg = Ad-Hoc|iPhone
		{C897730A-E986-4BBD-8AB5-E624EA55C622}.Ad-Hoc|ARM.ActiveCfg = Ad-Hoc|iPhone
		{C897730A-E986-4BBD-8AB5-E624EA55C622}.Ad-Hoc|iPhone.ActiveCfg = Ad-Hoc|iPhone
		{C897730A-E986-4BBD-8AB5-E624EA55C622}.Ad-Hoc|iPhone.Build.0 = Ad-Hoc|iPhone
		{C897730A-E986-4BBD-8AB5-E624EA55C622}.Ad-Hoc|iPhoneSimulator.ActiveCfg = Ad-Hoc|iPhoneSimulator
		{C897730A-E986-4BBD-8AB5-E624EA55C622}.Ad-Hoc|iPhoneSimulator.Build.0 = Ad-Hoc|iPhoneSimulator
		{C897730A-E986-4BBD-8AB5-E624EA55C622}.Ad-Hoc|x64.ActiveCfg = Ad-Hoc|iPhone
		{C897730A-E986-4BBD-8AB5-E624EA55C622}.Ad-Hoc|x86.ActiveCfg = Ad-Hoc|iPhone
		{C897730A-E986-4BBD-8AB5-E624EA55C622}.AppStore|Any CPU.ActiveCfg = AppStore|iPhone
		{C897730A-E986-4BBD-8AB5-E624EA55C622}.AppStore|ARM.ActiveCfg = AppStore|iPhone
		{C897730A-E986-4BBD-8AB5-E624EA55C622}.AppStore|iPhone.ActiveCfg = AppStore|iPhone
		{C897730A-E986-4BBD-8AB5-E624EA55C622}.AppStore|iPhone.Build.0 = AppStore|iPhone
		{C897730A-E986-4BBD-8AB5-E624EA55C622}.AppStore|iPhoneSimulator.ActiveCfg = AppStore|iPhoneSimulator
		{C897730A-E986-4BBD-8AB5-E624EA55C622}.AppStore|iPhoneSimulator.Build.0 = AppStore|iPhoneSimulator
		{C897730A-E986-4BBD-8AB5-E624EA55C622}.AppStore|x64.ActiveCfg = AppStore|iPhone
		{C897730A-E986-4BBD-8AB5-E624EA55C622}.AppStore|x86.ActiveCfg = AppStore|iPhone
		{C897730A-E986-4BBD-8AB5-E624EA55C622}.Debug|Any CPU.ActiveCfg = Debug|iPhone
		{C897730A-E986-4BBD-8AB5-E624EA55C622}.Debug|Any CPU.Build.0 = Debug|iPhone
		{C897730A-E986-4BBD-8AB5-E624EA55C622}.Debug|ARM.ActiveCfg = Debug|iPhone
		{C897730A-E986-4BBD-8AB5-E624EA55C622}.Debug|iPhone.ActiveCfg = Debug|iPhone
		{C897730A-E986-4BBD-8AB5-E624EA55C622}.Debug|iPhone.Build.0 = Debug|iPhone
		{C897730A-E986-4BBD-8AB5-E624EA55C622}.Debug|iPhoneSimulator.ActiveCfg = Debug|iPhoneSimulator
		{C897730A-E986-4BBD-8AB5-E624EA55C622}.Debug|iPhoneSimulator.Build.0 = Debug|iPhoneSimulator
		{C897730A-E986-4BBD-8AB5-E624EA55C622}.Debug|x64.ActiveCfg = Debug|iPhone
		{C897730A-E986-4BBD-8AB5-E624EA55C622}.Debug|x86.ActiveCfg = Debug|iPhone
		{C897730A-E986-4BBD-8AB5-E624EA55C622}.Release|Any CPU.ActiveCfg = Release|iPhone
		{C897730A-E986-4BBD-8AB5-E624EA55C622}.Release|ARM.ActiveCfg = Release|iPhone
		{C897730A-E986-4BBD-8AB5-E624EA55C622}.Release|iPhone.ActiveCfg = Release|iPhone
		{C897730A-E986-4BBD-8AB5-E624EA55C622}.Release|iPhone.Build.0 = Release|iPhone
		{C897730A-E986-4BBD-8AB5-E624EA55C622}.Release|iPhoneSimulator.ActiveCfg = Release|iPhoneSimulator
		{C897730A-E986-4BBD-8AB5-E624EA55C622}.Release|iPhoneSimulator.Build.0 = Release|iPhoneSimulator
		{C897730A-E986-4BBD-8AB5-E624EA55C622}.Release|x64.ActiveCfg = Release|iPhone
		{C897730A-E986-4BBD-8AB5-E624EA55C622}.Release|x86.ActiveCfg = Release|iPhone
	EndGlobalSection
	GlobalSection(SolutionProperties) = preSolution
		HideSolutionNode = FALSE
	EndGlobalSection
	GlobalSection(ExtensibilityGlobals) = postSolution
		SolutionGuid = {15F022FC-D532-47E1-8D83-23BC4DE2CC27}
	EndGlobalSection
EndGlobal
